
Microsoft Visual Studio Solution File, Format Version 12.00
# Visual Studio Version 16
VisualStudioVersion = 16.0.30804.86
MinimumVisualStudioVersion = 10.0.40219.1
Project("{9A19103F-16F7-4668-BE54-9A1E7A4F7556}") = "LiveEcommerce.Products.API", "LiveEcommerce.Products.API\LiveEcommerce.Products.API.csproj", "{F5E96D2F-FCF9-4A7B-A54F-78F863B704AB}"
EndProject
Project("{FAE04EC0-301F-11D3-BF4B-00C04F79EFBC}") = "LiveEcommerce.Products.Application", "LiveEcommerce.Products.Application\LiveEcommerce.Products.Application.csproj", "{D70E3D3D-A2A8-49E6-8462-FC02BFA9C6A1}"
EndProject
Project("{FAE04EC0-301F-11D3-BF4B-00C04F79EFBC}") = "LiveEcommerce.Products.Infrastructure", "LiveEcommerce.Products.Infrastructure\LiveEcommerce.Products.Infrastructure.csproj", "{133D67B4-7D0C-4408-8700-EA32EDE0C6F0}"
EndProject
Project("{FAE04EC0-301F-11D3-BF4B-00C04F79EFBC}") = "LiveEcommerce.Products.Core", "LiveEcommerce.Products.Core\LiveEcommerce.Products.Core.csproj", "{1D5BB5D7-BFA7-4786-93C3-69DED93BEA5F}"
EndProject
Global
	GlobalSection(SolutionConfigurationPlatforms) = preSolution
		Debug|Any CPU = Debug|Any CPU
		Release|Any CPU = Release|Any CPU
	EndGlobalSection
	GlobalSection(ProjectConfigurationPlatforms) = postSolution
		{F5E96D2F-FCF9-4A7B-A54F-78F863B704AB}.Debug|Any CPU.ActiveCfg = Debug|Any CPU
		{F5E96D2F-FCF9-4A7B-A54F-78F863B704AB}.Debug|Any CPU.Build.0 = Debug|Any CPU
		{F5E96D2F-FCF9-4A7B-A54F-78F863B704AB}.Release|Any CPU.ActiveCfg = Release|Any CPU
		{F5E96D2F-FCF9-4A7B-A54F-78F863B704AB}.Release|Any CPU.Build.0 = Release|Any CPU
		{D70E3D3D-A2A8-49E6-8462-FC02BFA9C6A1}.Debug|Any CPU.ActiveCfg = Debug|Any CPU
		{D70E3D3D-A2A8-49E6-8462-FC02BFA9C6A1}.Debug|Any CPU.Build.0 = Debug|Any CPU
		{D70E3D3D-A2A8-49E6-8462-FC02BFA9C6A1}.Release|Any CPU.ActiveCfg = Release|Any CPU
		{D70E3D3D-A2A8-49E6-8462-FC02BFA9C6A1}.Release|Any CPU.Build.0 = Release|Any CPU
		{133D67B4-7D0C-4408-8700-EA32EDE0C6F0}.Debug|Any CPU.ActiveCfg = Debug|Any CPU
		{133D67B4-7D0C-4408-8700-EA32EDE0C6F0}.Debug|Any CPU.Build.0 = Debug|Any CPU
		{133D67B4-7D0C-4408-8700-EA32EDE0C6F0}.Release|Any CPU.ActiveCfg = Release|Any CPU
		{133D67B4-7D0C-4408-8700-EA32EDE0C6F0}.Release|Any CPU.Build.0 = Release|Any CPU
		{1D5BB5D7-BFA7-4786-93C3-69DED93BEA5F}.Debug|Any CPU.ActiveCfg = Debug|Any CPU
		{1D5BB5D7-BFA7-4786-93C3-69DED93BEA5F}.Debug|Any CPU.Build.0 = Debug|Any CPU
		{1D5BB5D7-BFA7-4786-93C3-69DED93BEA5F}.Release|Any CPU.ActiveCfg = Release|Any CPU
		{1D5BB5D7-BFA7-4786-93C3-69DED93BEA5F}.Release|Any CPU.Build.0 = Release|Any CPU
	EndGlobalSection
	GlobalSection(SolutionProperties) = preSolution
		HideSolutionNode = FALSE
	EndGlobalSection
	GlobalSection(ExtensibilityGlobals) = postSolution
		SolutionGuid = {49F9B458-A69D-4027-AD70-9B07257146C9}
	EndGlobalSection
EndGlobal
